// !$*UTF8*$!
{
	archiveVersion = 1;
	classes = {
	};
	objectVersion = 46;
	objects = {

/* Begin PBXBuildFile section */
		DCFDAB001889CA1C00E627CF /* Foundation.framework in Frameworks */ = {isa = PBXBuildFile; fileRef = DCFDAAFF1889CA1C00E627CF /* Foundation.framework */; };
		DCFDAB021889CA1C00E627CF /* CoreGraphics.framework in Frameworks */ = {isa = PBXBuildFile; fileRef = DCFDAB011889CA1C00E627CF /* CoreGraphics.framework */; };
		DCFDAB041889CA1C00E627CF /* UIKit.framework in Frameworks */ = {isa = PBXBuildFile; fileRef = DCFDAB031889CA1C00E627CF /* UIKit.framework */; };
		DCFDAB0A1889CA1C00E627CF /* InfoPlist.strings in Resources */ = {isa = PBXBuildFile; fileRef = DCFDAB081889CA1C00E627CF /* InfoPlist.strings */; };
		DCFDAB0C1889CA1C00E627CF /* main.m in Sources */ = {isa = PBXBuildFile; fileRef = DCFDAB0B1889CA1C00E627CF /* main.m */; };
		DCFDAB101889CA1C00E627CF /* AppDelegate.m in Sources */ = {isa = PBXBuildFile; fileRef = DCFDAB0F1889CA1C00E627CF /* AppDelegate.m */; };
		DCFDAB131889CA1C00E627CF /* Main.storyboard in Resources */ = {isa = PBXBuildFile; fileRef = DCFDAB111889CA1C00E627CF /* Main.storyboard */; };
		DCFDAB161889CA1C00E627CF /* ViewController.m in Sources */ = {isa = PBXBuildFile; fileRef = DCFDAB151889CA1C00E627CF /* ViewController.m */; };
		DCFDAB181889CA1C00E627CF /* Images.xcassets in Resources */ = {isa = PBXBuildFile; fileRef = DCFDAB171889CA1C00E627CF /* Images.xcassets */; };
		DCFDAB1F1889CA1C00E627CF /* XCTest.framework in Frameworks */ = {isa = PBXBuildFile; fileRef = DCFDAB1E1889CA1C00E627CF /* XCTest.framework */; };
		DCFDAB201889CA1C00E627CF /* Foundation.framework in Frameworks */ = {isa = PBXBuildFile; fileRef = DCFDAAFF1889CA1C00E627CF /* Foundation.framework */; };
		DCFDAB211889CA1C00E627CF /* UIKit.framework in Frameworks */ = {isa = PBXBuildFile; fileRef = DCFDAB031889CA1C00E627CF /* UIKit.framework */; };
		DCFDAB291889CA1C00E627CF /* InfoPlist.strings in Resources */ = {isa = PBXBuildFile; fileRef = DCFDAB271889CA1C00E627CF /* InfoPlist.strings */; };
		DCFDAB2B1889CA1C00E627CF /* SoundByteTests.m in Sources */ = {isa = PBXBuildFile; fileRef = DCFDAB2A1889CA1C00E627CF /* SoundByteTests.m */; };
		DCFDAB351889CCD400E627CF /* Parse.framework in Frameworks */ = {isa = PBXBuildFile; fileRef = DCFDAB341889CCD400E627CF /* Parse.framework */; };
		DCFDAB371889CCFB00E627CF /* AudioToolbox.framework in Frameworks */ = {isa = PBXBuildFile; fileRef = DCFDAB361889CCFB00E627CF /* AudioToolbox.framework */; };
		DCFDAB391889CD1900E627CF /* AVFoundation.framework in Frameworks */ = {isa = PBXBuildFile; fileRef = DCFDAB381889CD1900E627CF /* AVFoundation.framework */; };
		DCFDAB3B1889CD2100E627CF /* CFNetwork.framework in Frameworks */ = {isa = PBXBuildFile; fileRef = DCFDAB3A1889CD2100E627CF /* CFNetwork.framework */; };
		DCFDAB3D1889CD4400E627CF /* CoreLocation.framework in Frameworks */ = {isa = PBXBuildFile; fileRef = DCFDAB3C1889CD4400E627CF /* CoreLocation.framework */; };
		DCFDAB3F1889CD5200E627CF /* libz.dylib in Frameworks */ = {isa = PBXBuildFile; fileRef = DCFDAB3E1889CD5200E627CF /* libz.dylib */; };
		DCFDAB411889CD5A00E627CF /* MobileCoreServices.framework in Frameworks */ = {isa = PBXBuildFile; fileRef = DCFDAB401889CD5A00E627CF /* MobileCoreServices.framework */; };
		DCFDAB431889CD6300E627CF /* QuartzCore.framework in Frameworks */ = {isa = PBXBuildFile; fileRef = DCFDAB421889CD6300E627CF /* QuartzCore.framework */; };
		DCFDAB451889CD6A00E627CF /* Security.framework in Frameworks */ = {isa = PBXBuildFile; fileRef = DCFDAB441889CD6A00E627CF /* Security.framework */; };
		DCFDAB471889CD7000E627CF /* StoreKit.framework in Frameworks */ = {isa = PBXBuildFile; fileRef = DCFDAB461889CD7000E627CF /* StoreKit.framework */; };
		DCFDAB491889CD7700E627CF /* SystemConfiguration.framework in Frameworks */ = {isa = PBXBuildFile; fileRef = DCFDAB481889CD7700E627CF /* SystemConfiguration.framework */; };
		DCFDAB4D1889CEA900E627CF /* SoundManager.m in Sources */ = {isa = PBXBuildFile; fileRef = DCFDAB4C1889CEA900E627CF /* SoundManager.m */; };
		DCFDAB501889D29200E627CF /* Sounds.m in Sources */ = {isa = PBXBuildFile; fileRef = DCFDAB4F1889D29200E627CF /* Sounds.m */; };
		DCFDAB531889D41C00E627CF /* Reachability.m in Sources */ = {isa = PBXBuildFile; fileRef = DCFDAB521889D41C00E627CF /* Reachability.m */; };
/* End PBXBuildFile section */

/* Begin PBXContainerItemProxy section */
		DCFDAB221889CA1C00E627CF /* PBXContainerItemProxy */ = {
			isa = PBXContainerItemProxy;
			containerPortal = DCFDAAF41889CA1C00E627CF /* Project object */;
			proxyType = 1;
			remoteGlobalIDString = DCFDAAFB1889CA1C00E627CF;
			remoteInfo = SoundByte;
		};
/* End PBXContainerItemProxy section */

/* Begin PBXFileReference section */
		DCFDAAFC1889CA1C00E627CF /* SoundByte.app */ = {isa = PBXFileReference; explicitFileType = wrapper.application; includeInIndex = 0; path = SoundByte.app; sourceTree = BUILT_PRODUCTS_DIR; };
		DCFDAAFF1889CA1C00E627CF /* Foundation.framework */ = {isa = PBXFileReference; lastKnownFileType = wrapper.framework; name = Foundation.framework; path = System/Library/Frameworks/Foundation.framework; sourceTree = SDKROOT; };
		DCFDAB011889CA1C00E627CF /* CoreGraphics.framework */ = {isa = PBXFileReference; lastKnownFileType = wrapper.framework; name = CoreGraphics.framework; path = System/Library/Frameworks/CoreGraphics.framework; sourceTree = SDKROOT; };
		DCFDAB031889CA1C00E627CF /* UIKit.framework */ = {isa = PBXFileReference; lastKnownFileType = wrapper.framework; name = UIKit.framework; path = System/Library/Frameworks/UIKit.framework; sourceTree = SDKROOT; };
		DCFDAB071889CA1C00E627CF /* SoundByte-Info.plist */ = {isa = PBXFileReference; lastKnownFileType = text.plist.xml; path = "SoundByte-Info.plist"; sourceTree = "<group>"; };
		DCFDAB091889CA1C00E627CF /* en */ = {isa = PBXFileReference; lastKnownFileType = text.plist.strings; name = en; path = en.lproj/InfoPlist.strings; sourceTree = "<group>"; };
		DCFDAB0B1889CA1C00E627CF /* main.m */ = {isa = PBXFileReference; lastKnownFileType = sourcecode.c.objc; path = main.m; sourceTree = "<group>"; };
		DCFDAB0D1889CA1C00E627CF /* SoundByte-Prefix.pch */ = {isa = PBXFileReference; lastKnownFileType = sourcecode.c.h; path = "SoundByte-Prefix.pch"; sourceTree = "<group>"; };
		DCFDAB0E1889CA1C00E627CF /* AppDelegate.h */ = {isa = PBXFileReference; lastKnownFileType = sourcecode.c.h; path = AppDelegate.h; sourceTree = "<group>"; };
		DCFDAB0F1889CA1C00E627CF /* AppDelegate.m */ = {isa = PBXFileReference; lastKnownFileType = sourcecode.c.objc; path = AppDelegate.m; sourceTree = "<group>"; };
		DCFDAB121889CA1C00E627CF /* Base */ = {isa = PBXFileReference; lastKnownFileType = file.storyboard; name = Base; path = Base.lproj/Main.storyboard; sourceTree = "<group>"; };
		DCFDAB141889CA1C00E627CF /* ViewController.h */ = {isa = PBXFileReference; lastKnownFileType = sourcecode.c.h; path = ViewController.h; sourceTree = "<group>"; };
		DCFDAB151889CA1C00E627CF /* ViewController.m */ = {isa = PBXFileReference; lastKnownFileType = sourcecode.c.objc; path = ViewController.m; sourceTree = "<group>"; };
		DCFDAB171889CA1C00E627CF /* Images.xcassets */ = {isa = PBXFileReference; lastKnownFileType = folder.assetcatalog; path = Images.xcassets; sourceTree = "<group>"; };
		DCFDAB1D1889CA1C00E627CF /* SoundByteTests.xctest */ = {isa = PBXFileReference; explicitFileType = wrapper.cfbundle; includeInIndex = 0; path = SoundByteTests.xctest; sourceTree = BUILT_PRODUCTS_DIR; };
		DCFDAB1E1889CA1C00E627CF /* XCTest.framework */ = {isa = PBXFileReference; lastKnownFileType = wrapper.framework; name = XCTest.framework; path = Library/Frameworks/XCTest.framework; sourceTree = DEVELOPER_DIR; };
		DCFDAB261889CA1C00E627CF /* SoundByteTests-Info.plist */ = {isa = PBXFileReference; lastKnownFileType = text.plist.xml; path = "SoundByteTests-Info.plist"; sourceTree = "<group>"; };
		DCFDAB281889CA1C00E627CF /* en */ = {isa = PBXFileReference; lastKnownFileType = text.plist.strings; name = en; path = en.lproj/InfoPlist.strings; sourceTree = "<group>"; };
		DCFDAB2A1889CA1C00E627CF /* SoundByteTests.m */ = {isa = PBXFileReference; lastKnownFileType = sourcecode.c.objc; path = SoundByteTests.m; sourceTree = "<group>"; };
		DCFDAB341889CCD400E627CF /* Parse.framework */ = {isa = PBXFileReference; lastKnownFileType = wrapper.framework; name = Parse.framework; path = "Parse SDK/Parse.framework"; sourceTree = "<group>"; };
		DCFDAB361889CCFB00E627CF /* AudioToolbox.framework */ = {isa = PBXFileReference; lastKnownFileType = wrapper.framework; name = AudioToolbox.framework; path = System/Library/Frameworks/AudioToolbox.framework; sourceTree = SDKROOT; };
		DCFDAB381889CD1900E627CF /* AVFoundation.framework */ = {isa = PBXFileReference; lastKnownFileType = wrapper.framework; name = AVFoundation.framework; path = System/Library/Frameworks/AVFoundation.framework; sourceTree = SDKROOT; };
		DCFDAB3A1889CD2100E627CF /* CFNetwork.framework */ = {isa = PBXFileReference; lastKnownFileType = wrapper.framework; name = CFNetwork.framework; path = System/Library/Frameworks/CFNetwork.framework; sourceTree = SDKROOT; };
		DCFDAB3C1889CD4400E627CF /* CoreLocation.framework */ = {isa = PBXFileReference; lastKnownFileType = wrapper.framework; name = CoreLocation.framework; path = System/Library/Frameworks/CoreLocation.framework; sourceTree = SDKROOT; };
		DCFDAB3E1889CD5200E627CF /* libz.dylib */ = {isa = PBXFileReference; lastKnownFileType = "compiled.mach-o.dylib"; name = libz.dylib; path = usr/lib/libz.dylib; sourceTree = SDKROOT; };
		DCFDAB401889CD5A00E627CF /* MobileCoreServices.framework */ = {isa = PBXFileReference; lastKnownFileType = wrapper.framework; name = MobileCoreServices.framework; path = System/Library/Frameworks/MobileCoreServices.framework; sourceTree = SDKROOT; };
		DCFDAB421889CD6300E627CF /* QuartzCore.framework */ = {isa = PBXFileReference; lastKnownFileType = wrapper.framework; name = QuartzCore.framework; path = System/Library/Frameworks/QuartzCore.framework; sourceTree = SDKROOT; };
		DCFDAB441889CD6A00E627CF /* Security.framework */ = {isa = PBXFileReference; lastKnownFileType = wrapper.framework; name = Security.framework; path = System/Library/Frameworks/Security.framework; sourceTree = SDKROOT; };
		DCFDAB461889CD7000E627CF /* StoreKit.framework */ = {isa = PBXFileReference; lastKnownFileType = wrapper.framework; name = StoreKit.framework; path = System/Library/Frameworks/StoreKit.framework; sourceTree = SDKROOT; };
		DCFDAB481889CD7700E627CF /* SystemConfiguration.framework */ = {isa = PBXFileReference; lastKnownFileType = wrapper.framework; name = SystemConfiguration.framework; path = System/Library/Frameworks/SystemConfiguration.framework; sourceTree = SDKROOT; };
		DCFDAB4B1889CEA900E627CF /* SoundManager.h */ = {isa = PBXFileReference; fileEncoding = 4; lastKnownFileType = sourcecode.c.h; path = SoundManager.h; sourceTree = "<group>"; };
		DCFDAB4C1889CEA900E627CF /* SoundManager.m */ = {isa = PBXFileReference; fileEncoding = 4; lastKnownFileType = sourcecode.c.objc; path = SoundManager.m; sourceTree = "<group>"; };
		DCFDAB4E1889D29200E627CF /* Sounds.h */ = {isa = PBXFileReference; fileEncoding = 4; lastKnownFileType = sourcecode.c.h; path = Sounds.h; sourceTree = "<group>"; };
		DCFDAB4F1889D29200E627CF /* Sounds.m */ = {isa = PBXFileReference; fileEncoding = 4; lastKnownFileType = sourcecode.c.objc; path = Sounds.m; sourceTree = "<group>"; };
		DCFDAB511889D41C00E627CF /* Reachability.h */ = {isa = PBXFileReference; fileEncoding = 4; lastKnownFileType = sourcecode.c.h; path = Reachability.h; sourceTree = "<group>"; };
		DCFDAB521889D41C00E627CF /* Reachability.m */ = {isa = PBXFileReference; fileEncoding = 4; lastKnownFileType = sourcecode.c.objc; path = Reachability.m; sourceTree = "<group>"; };
/* End PBXFileReference section */

/* Begin PBXFrameworksBuildPhase section */
		DCFDAAF91889CA1C00E627CF /* Frameworks */ = {
			isa = PBXFrameworksBuildPhase;
			buildActionMask = 2147483647;
			files = (
				DCFDAB491889CD7700E627CF /* SystemConfiguration.framework in Frameworks */,
				DCFDAB471889CD7000E627CF /* StoreKit.framework in Frameworks */,
				DCFDAB451889CD6A00E627CF /* Security.framework in Frameworks */,
				DCFDAB431889CD6300E627CF /* QuartzCore.framework in Frameworks */,
				DCFDAB411889CD5A00E627CF /* MobileCoreServices.framework in Frameworks */,
				DCFDAB3F1889CD5200E627CF /* libz.dylib in Frameworks */,
				DCFDAB3D1889CD4400E627CF /* CoreLocation.framework in Frameworks */,
				DCFDAB3B1889CD2100E627CF /* CFNetwork.framework in Frameworks */,
				DCFDAB391889CD1900E627CF /* AVFoundation.framework in Frameworks */,
				DCFDAB371889CCFB00E627CF /* AudioToolbox.framework in Frameworks */,
				DCFDAB021889CA1C00E627CF /* CoreGraphics.framework in Frameworks */,
				DCFDAB041889CA1C00E627CF /* UIKit.framework in Frameworks */,
				DCFDAB351889CCD400E627CF /* Parse.framework in Frameworks */,
				DCFDAB001889CA1C00E627CF /* Foundation.framework in Frameworks */,
			);
			runOnlyForDeploymentPostprocessing = 0;
		};
		DCFDAB1A1889CA1C00E627CF /* Frameworks */ = {
			isa = PBXFrameworksBuildPhase;
			buildActionMask = 2147483647;
			files = (
				DCFDAB1F1889CA1C00E627CF /* XCTest.framework in Frameworks */,
				DCFDAB211889CA1C00E627CF /* UIKit.framework in Frameworks */,
				DCFDAB201889CA1C00E627CF /* Foundation.framework in Frameworks */,
			);
			runOnlyForDeploymentPostprocessing = 0;
		};
/* End PBXFrameworksBuildPhase section */

/* Begin PBXGroup section */
		DCFDAAF31889CA1C00E627CF = {
			isa = PBXGroup;
			children = (
				DCFDAB051889CA1C00E627CF /* SoundByte */,
				DCFDAB241889CA1C00E627CF /* SoundByteTests */,
				DCFDAAFE1889CA1C00E627CF /* Frameworks */,
				DCFDAAFD1889CA1C00E627CF /* Products */,
			);
			sourceTree = "<group>";
		};
		DCFDAAFD1889CA1C00E627CF /* Products */ = {
			isa = PBXGroup;
			children = (
				DCFDAAFC1889CA1C00E627CF /* SoundByte.app */,
				DCFDAB1D1889CA1C00E627CF /* SoundByteTests.xctest */,
			);
			name = Products;
			sourceTree = "<group>";
		};
		DCFDAAFE1889CA1C00E627CF /* Frameworks */ = {
			isa = PBXGroup;
			children = (
				DCFDAB481889CD7700E627CF /* SystemConfiguration.framework */,
				DCFDAB461889CD7000E627CF /* StoreKit.framework */,
				DCFDAB441889CD6A00E627CF /* Security.framework */,
				DCFDAB421889CD6300E627CF /* QuartzCore.framework */,
				DCFDAB401889CD5A00E627CF /* MobileCoreServices.framework */,
				DCFDAB3E1889CD5200E627CF /* libz.dylib */,
				DCFDAB3C1889CD4400E627CF /* CoreLocation.framework */,
				DCFDAB3A1889CD2100E627CF /* CFNetwork.framework */,
				DCFDAB381889CD1900E627CF /* AVFoundation.framework */,
				DCFDAB361889CCFB00E627CF /* AudioToolbox.framework */,
				DCFDAB341889CCD400E627CF /* Parse.framework */,
				DCFDAAFF1889CA1C00E627CF /* Foundation.framework */,
				DCFDAB011889CA1C00E627CF /* CoreGraphics.framework */,
				DCFDAB031889CA1C00E627CF /* UIKit.framework */,
				DCFDAB1E1889CA1C00E627CF /* XCTest.framework */,
			);
			name = Frameworks;
			sourceTree = "<group>";
		};
		DCFDAB051889CA1C00E627CF /* SoundByte */ = {
			isa = PBXGroup;
			children = (
				DCFDAB0E1889CA1C00E627CF /* AppDelegate.h */,
				DCFDAB0F1889CA1C00E627CF /* AppDelegate.m */,
				DCFDAB111889CA1C00E627CF /* Main.storyboard */,
				DCFDAB141889CA1C00E627CF /* ViewController.h */,
				DCFDAB151889CA1C00E627CF /* ViewController.m */,
				DCFDAB171889CA1C00E627CF /* Images.xcassets */,
				DCFDAB551889DC6E00E627CF /* Subclasses */,
				DCFDAB4A1889CE8200E627CF /* SoundManager */,
				DCFDAB541889D42400E627CF /* Reachability */,
				DCFDAB061889CA1C00E627CF /* Supporting Files */,
			);
			path = SoundByte;
			sourceTree = "<group>";
		};
		DCFDAB061889CA1C00E627CF /* Supporting Files */ = {
			isa = PBXGroup;
			children = (
				DCFDAB071889CA1C00E627CF /* SoundByte-Info.plist */,
				DCFDAB081889CA1C00E627CF /* InfoPlist.strings */,
				DCFDAB0B1889CA1C00E627CF /* main.m */,
				DCFDAB0D1889CA1C00E627CF /* SoundByte-Prefix.pch */,
			);
			name = "Supporting Files";
			sourceTree = "<group>";
		};
		DCFDAB241889CA1C00E627CF /* SoundByteTests */ = {
			isa = PBXGroup;
			children = (
				DCFDAB2A1889CA1C00E627CF /* SoundByteTests.m */,
				DCFDAB251889CA1C00E627CF /* Supporting Files */,
			);
			path = SoundByteTests;
			sourceTree = "<group>";
		};
		DCFDAB251889CA1C00E627CF /* Supporting Files */ = {
			isa = PBXGroup;
			children = (
				DCFDAB261889CA1C00E627CF /* SoundByteTests-Info.plist */,
				DCFDAB271889CA1C00E627CF /* InfoPlist.strings */,
			);
			name = "Supporting Files";
			sourceTree = "<group>";
		};
		DCFDAB4A1889CE8200E627CF /* SoundManager */ = {
			isa = PBXGroup;
			children = (
				DCFDAB4B1889CEA900E627CF /* SoundManager.h */,
				DCFDAB4C1889CEA900E627CF /* SoundManager.m */,
			);
			name = SoundManager;
			sourceTree = "<group>";
		};
		DCFDAB541889D42400E627CF /* Reachability */ = {
			isa = PBXGroup;
			children = (
				DCFDAB511889D41C00E627CF /* Reachability.h */,
				DCFDAB521889D41C00E627CF /* Reachability.m */,
			);
			name = Reachability;
			sourceTree = "<group>";
		};
		DCFDAB551889DC6E00E627CF /* Subclasses */ = {
			isa = PBXGroup;
			children = (
				DCFDAB4E1889D29200E627CF /* Sounds.h */,
				DCFDAB4F1889D29200E627CF /* Sounds.m */,
			);
			name = Subclasses;
			sourceTree = "<group>";
		};
/* End PBXGroup section */

/* Begin PBXNativeTarget section */
		DCFDAAFB1889CA1C00E627CF /* SoundByte */ = {
			isa = PBXNativeTarget;
			buildConfigurationList = DCFDAB2E1889CA1C00E627CF /* Build configuration list for PBXNativeTarget "SoundByte" */;
			buildPhases = (
				DCFDAAF81889CA1C00E627CF /* Sources */,
				DCFDAAF91889CA1C00E627CF /* Frameworks */,
				DCFDAAFA1889CA1C00E627CF /* Resources */,
			);
			buildRules = (
			);
			dependencies = (
			);
			name = SoundByte;
			productName = SoundByte;
			productReference = DCFDAAFC1889CA1C00E627CF /* SoundByte.app */;
			productType = "com.apple.product-type.application";
		};
		DCFDAB1C1889CA1C00E627CF /* SoundByteTests */ = {
			isa = PBXNativeTarget;
			buildConfigurationList = DCFDAB311889CA1C00E627CF /* Build configuration list for PBXNativeTarget "SoundByteTests" */;
			buildPhases = (
				DCFDAB191889CA1C00E627CF /* Sources */,
				DCFDAB1A1889CA1C00E627CF /* Frameworks */,
				DCFDAB1B1889CA1C00E627CF /* Resources */,
			);
			buildRules = (
			);
			dependencies = (
				DCFDAB231889CA1C00E627CF /* PBXTargetDependency */,
			);
			name = SoundByteTests;
			productName = SoundByteTests;
			productReference = DCFDAB1D1889CA1C00E627CF /* SoundByteTests.xctest */;
			productType = "com.apple.product-type.bundle.unit-test";
		};
/* End PBXNativeTarget section */

/* Begin PBXProject section */
		DCFDAAF41889CA1C00E627CF /* Project object */ = {
			isa = PBXProject;
			attributes = {
				LastUpgradeCheck = 0500;
				ORGANIZATIONNAME = Productions;
				TargetAttributes = {
					DCFDAB1C1889CA1C00E627CF = {
						TestTargetID = DCFDAAFB1889CA1C00E627CF;
					};
				};
			};
			buildConfigurationList = DCFDAAF71889CA1C00E627CF /* Build configuration list for PBXProject "SoundByte" */;
			compatibilityVersion = "Xcode 3.2";
			developmentRegion = English;
			hasScannedForEncodings = 0;
			knownRegions = (
				en,
				Base,
			);
			mainGroup = DCFDAAF31889CA1C00E627CF;
			productRefGroup = DCFDAAFD1889CA1C00E627CF /* Products */;
			projectDirPath = "";
			projectRoot = "";
			targets = (
				DCFDAAFB1889CA1C00E627CF /* SoundByte */,
				DCFDAB1C1889CA1C00E627CF /* SoundByteTests */,
			);
		};
/* End PBXProject section */

/* Begin PBXResourcesBuildPhase section */
		DCFDAAFA1889CA1C00E627CF /* Resources */ = {
			isa = PBXResourcesBuildPhase;
			buildActionMask = 2147483647;
			files = (
				DCFDAB181889CA1C00E627CF /* Images.xcassets in Resources */,
				DCFDAB0A1889CA1C00E627CF /* InfoPlist.strings in Resources */,
				DCFDAB131889CA1C00E627CF /* Main.storyboard in Resources */,
			);
			runOnlyForDeploymentPostprocessing = 0;
		};
		DCFDAB1B1889CA1C00E627CF /* Resources */ = {
			isa = PBXResourcesBuildPhase;
			buildActionMask = 2147483647;
			files = (
				DCFDAB291889CA1C00E627CF /* InfoPlist.strings in Resources */,
			);
			runOnlyForDeploymentPostprocessing = 0;
		};
/* End PBXResourcesBuildPhase section */

/* Begin PBXSourcesBuildPhase section */
		DCFDAAF81889CA1C00E627CF /* Sources */ = {
			isa = PBXSourcesBuildPhase;
			buildActionMask = 2147483647;
			files = (
				DCFDAB161889CA1C00E627CF /* ViewController.m in Sources */,
				DCFDAB501889D29200E627CF /* Sounds.m in Sources */,
				DCFDAB4D1889CEA900E627CF /* SoundManager.m in Sources */,
				DCFDAB101889CA1C00E627CF /* AppDelegate.m in Sources */,
				DCFDAB531889D41C00E627CF /* Reachability.m in Sources */,
				DCFDAB0C1889CA1C00E627CF /* main.m in Sources */,
			);
			runOnlyForDeploymentPostprocessing = 0;
		};
		DCFDAB191889CA1C00E627CF /* Sources */ = {
			isa = PBXSourcesBuildPhase;
			buildActionMask = 2147483647;
			files = (
				DCFDAB2B1889CA1C00E627CF /* SoundByteTests.m in Sources */,
			);
			runOnlyForDeploymentPostprocessing = 0;
		};
/* End PBXSourcesBuildPhase section */

/* Begin PBXTargetDependency section */
		DCFDAB231889CA1C00E627CF /* PBXTargetDependency */ = {
			isa = PBXTargetDependency;
			target = DCFDAAFB1889CA1C00E627CF /* SoundByte */;
			targetProxy = DCFDAB221889CA1C00E627CF /* PBXContainerItemProxy */;
		};
/* End PBXTargetDependency section */

/* Begin PBXVariantGroup section */
		DCFDAB081889CA1C00E627CF /* InfoPlist.strings */ = {
			isa = PBXVariantGroup;
			children = (
				DCFDAB091889CA1C00E627CF /* en */,
			);
			name = InfoPlist.strings;
			sourceTree = "<group>";
		};
		DCFDAB111889CA1C00E627CF /* Main.storyboard */ = {
			isa = PBXVariantGroup;
			children = (
				DCFDAB121889CA1C00E627CF /* Base */,
			);
			name = Main.storyboard;
			sourceTree = "<group>";
		};
		DCFDAB271889CA1C00E627CF /* InfoPlist.strings */ = {
			isa = PBXVariantGroup;
			children = (
				DCFDAB281889CA1C00E627CF /* en */,
			);
			name = InfoPlist.strings;
			sourceTree = "<group>";
		};
/* End PBXVariantGroup section */

/* Begin XCBuildConfiguration section */
		DCFDAB2C1889CA1C00E627CF /* Debug */ = {
			isa = XCBuildConfiguration;
			buildSettings = {
				ALWAYS_SEARCH_USER_PATHS = NO;
				ARCHS = "$(ARCHS_STANDARD_INCLUDING_64_BIT)";
				CLANG_CXX_LANGUAGE_STANDARD = "gnu++0x";
				CLANG_CXX_LIBRARY = "libc++";
				CLANG_ENABLE_MODULES = YES;
				CLANG_ENABLE_OBJC_ARC = YES;
				CLANG_WARN_BOOL_CONVERSION = YES;
				CLANG_WARN_CONSTANT_CONVERSION = YES;
				CLANG_WARN_DIRECT_OBJC_ISA_USAGE = YES_ERROR;
				CLANG_WARN_EMPTY_BODY = YES;
				CLANG_WARN_ENUM_CONVERSION = YES;
				CLANG_WARN_INT_CONVERSION = YES;
				CLANG_WARN_OBJC_ROOT_CLASS = YES_ERROR;
				CLANG_WARN__DUPLICATE_METHOD_MATCH = YES;
				"CODE_SIGN_IDENTITY[sdk=iphoneos*]" = "iPhone Developer";
				COPY_PHASE_STRIP = NO;
				GCC_C_LANGUAGE_STANDARD = gnu99;
				GCC_DYNAMIC_NO_PIC = NO;
				GCC_OPTIMIZATION_LEVEL = 0;
				GCC_PREPROCESSOR_DEFINITIONS = (
					"DEBUG=1",
					"$(inherited)",
				);
				GCC_SYMBOLS_PRIVATE_EXTERN = NO;
				GCC_WARN_64_TO_32_BIT_CONVERSION = YES;
				GCC_WARN_ABOUT_RETURN_TYPE = YES_ERROR;
				GCC_WARN_UNDECLARED_SELECTOR = YES;
				GCC_WARN_UNINITIALIZED_AUTOS = YES;
				GCC_WARN_UNUSED_FUNCTION = YES;
				GCC_WARN_UNUSED_VARIABLE = YES;
				IPHONEOS_DEPLOYMENT_TARGET = 7.0;
				ONLY_ACTIVE_ARCH = YES;
				SDKROOT = iphoneos;
			};
			name = Debug;
		};
		DCFDAB2D1889CA1C00E627CF /* Release */ = {
			isa = XCBuildConfiguration;
			buildSettings = {
				ALWAYS_SEARCH_USER_PATHS = NO;
				ARCHS = "$(ARCHS_STANDARD_INCLUDING_64_BIT)";
				CLANG_CXX_LANGUAGE_STANDARD = "gnu++0x";
				CLANG_CXX_LIBRARY = "libc++";
				CLANG_ENABLE_MODULES = YES;
				CLANG_ENABLE_OBJC_ARC = YES;
				CLANG_WARN_BOOL_CONVERSION = YES;
				CLANG_WARN_CONSTANT_CONVERSION = YES;
				CLANG_WARN_DIRECT_OBJC_ISA_USAGE = YES_ERROR;
				CLANG_WARN_EMPTY_BODY = YES;
				CLANG_WARN_ENUM_CONVERSION = YES;
				CLANG_WARN_INT_CONVERSION = YES;
				CLANG_WARN_OBJC_ROOT_CLASS = YES_ERROR;
				CLANG_WARN__DUPLICATE_METHOD_MATCH = YES;
				"CODE_SIGN_IDENTITY[sdk=iphoneos*]" = "iPhone Developer";
				COPY_PHASE_STRIP = YES;
				ENABLE_NS_ASSERTIONS = NO;
				GCC_C_LANGUAGE_STANDARD = gnu99;
				GCC_WARN_64_TO_32_BIT_CONVERSION = YES;
				GCC_WARN_ABOUT_RETURN_TYPE = YES_ERROR;
				GCC_WARN_UNDECLARED_SELECTOR = YES;
				GCC_WARN_UNINITIALIZED_AUTOS = YES;
				GCC_WARN_UNUSED_FUNCTION = YES;
				GCC_WARN_UNUSED_VARIABLE = YES;
				IPHONEOS_DEPLOYMENT_TARGET = 7.0;
				SDKROOT = iphoneos;
				VALIDATE_PRODUCT = YES;
			};
			name = Release;
		};
		DCFDAB2F1889CA1C00E627CF /* Debug */ = {
			isa = XCBuildConfiguration;
			buildSettings = {
				ASSETCATALOG_COMPILER_APPICON_NAME = AppIcon;
				ASSETCATALOG_COMPILER_LAUNCHIMAGE_NAME = LaunchImage;
				FRAMEWORK_SEARCH_PATHS = (
					"$(inherited)",
					"/Users/Arjun/Desktop/Projects/SoundByte/Parse\\ SDK",
				);
				GCC_PRECOMPILE_PREFIX_HEADER = YES;
				GCC_PREFIX_HEADER = "SoundByte/SoundByte-Prefix.pch";
				INFOPLIST_FILE = "SoundByte/SoundByte-Info.plist";
				PRODUCT_NAME = "$(TARGET_NAME)";
				WRAPPER_EXTENSION = app;
			};
			name = Debug;
		};
		DCFDAB301889CA1C00E627CF /* Release */ = {
			isa = XCBuildConfiguration;
			buildSettings = {
				ASSETCATALOG_COMPILER_APPICON_NAME = AppIcon;
				ASSETCATALOG_COMPILER_LAUNCHIMAGE_NAME = LaunchImage;
				FRAMEWORK_SEARCH_PATHS = (
					"$(inherited)",
					"/Users/Arjun/Desktop/Projects/SoundByte/Parse\\ SDK",
				);
				GCC_PRECOMPILE_PREFIX_HEADER = YES;
				GCC_PREFIX_HEADER = "SoundByte/SoundByte-Prefix.pch";
				INFOPLIST_FILE = "SoundByte/SoundByte-Info.plist";
				PRODUCT_NAME = "$(TARGET_NAME)";
				WRAPPER_EXTENSION = app;
			};
			name = Release;
		};
		DCFDAB321889CA1C00E627CF /* Debug */ = {
			isa = XCBuildConfiguration;
			buildSettings = {
				ARCHS = "$(ARCHS_STANDARD_INCLUDING_64_BIT)";
				BUNDLE_LOADER = "$(BUILT_PRODUCTS_DIR)/SoundByte.app/SoundByte";
				FRAMEWORK_SEARCH_PATHS = (
					"$(SDKROOT)/Developer/Library/Frameworks",
					"$(inherited)",
					"$(DEVELOPER_FRAMEWORKS_DIR)",
				);
				GCC_PRECOMPILE_PREFIX_HEADER = YES;
				GCC_PREFIX_HEADER = "SoundByte/SoundByte-Prefix.pch";
				GCC_PREPROCESSOR_DEFINITIONS = (
					"DEBUG=1",
					"$(inherited)",
				);
				INFOPLIST_FILE = "SoundByteTests/SoundByteTests-Info.plist";
				PRODUCT_NAME = "$(TARGET_NAME)";
				TEST_HOST = "$(BUNDLE_LOADER)";
				WRAPPER_EXTENSION = xctest;
			};
			name = Debug;
		};
		DCFDAB331889CA1C00E627CF /* Release */ = {
			isa = XCBuildConfiguration;
			buildSettings = {
				ARCHS = "$(ARCHS_STANDARD_INCLUDING_64_BIT)";
				BUNDLE_LOADER = "$(BUILT_PRODUCTS_DIR)/SoundByte.app/SoundByte";
				FRAMEWORK_SEARCH_PATHS = (
					"$(SDKROOT)/Developer/Library/Frameworks",
					"$(inherited)",
					"$(DEVELOPER_FRAMEWORKS_DIR)",
				);
				GCC_PRECOMPILE_PREFIX_HEADER = YES;
				GCC_PREFIX_HEADER = "SoundByte/SoundByte-Prefix.pch";
				INFOPLIST_FILE = "SoundByteTests/SoundByteTests-Info.plist";
				PRODUCT_NAME = "$(TARGET_NAME)";
				TEST_HOST = "$(BUNDLE_LOADER)";
				WRAPPER_EXTENSION = xctest;
			};
			name = Release;
		};
/* End XCBuildConfiguration section */

/* Begin XCConfigurationList section */
		DCFDAAF71889CA1C00E627CF /* Build configuration list for PBXProject "SoundByte" */ = {
			isa = XCConfigurationList;
			buildConfigurations = (
				DCFDAB2C1889CA1C00E627CF /* Debug */,
				DCFDAB2D1889CA1C00E627CF /* Release */,
			);
			defaultConfigurationIsVisible = 0;
			defaultConfigurationName = Release;
		};
		DCFDAB2E1889CA1C00E627CF /* Build configuration list for PBXNativeTarget "SoundByte" */ = {
			isa = XCConfigurationList;
			buildConfigurations = (
				DCFDAB2F1889CA1C00E627CF /* Debug */,
				DCFDAB301889CA1C00E627CF /* Release */,
			);
			defaultConfigurationIsVisible = 0;
		};
		DCFDAB311889CA1C00E627CF /* Build configuration list for PBXNativeTarget "SoundByteTests" */ = {
			isa = XCConfigurationList;
			buildConfigurations = (
				DCFDAB321889CA1C00E627CF /* Debug */,
				DCFDAB331889CA1C00E627CF /* Release */,
			);
			defaultConfigurationIsVisible = 0;
		};
/* End XCConfigurationList section */
	};
	rootObject = DCFDAAF41889CA1C00E627CF /* Project object */;
}
